<?xml version="1.0" encoding="utf-8"?>
<Project ToolsVersion="4.0" xmlns="http://schemas.microsoft.com/developer/msbuild/2003">
  <ItemGroup>
    <Filter Include="Source Files">
      <UniqueIdentifier>{4FC737F1-C7A5-4376-A066-2A32D752A2FF}</UniqueIdentifier>
      <Extensions>cpp;c;cc;cxx;def;odl;idl;hpj;bat;asm;asmx</Extensions>
    </Filter>
    <Filter Include="Header Files">
      <UniqueIdentifier>{93995380-89BD-4b04-88EB-625FBE52EBFB}</UniqueIdentifier>
      <Extensions>h;hh;hpp;hxx;hm;inl;inc;ipp;xsd</Extensions>
    </Filter>
    <Filter Include="Source Files\Ctrl">
      <UniqueIdentifier>{3e8e65c3-5d51-43e3-8260-44e3708c0967}</UniqueIdentifier>
    </Filter>
    <Filter Include="Header Files\Ctrl">
      <UniqueIdentifier>{8e8c79d5-0b5d-4d6b-9aa4-9557ebd73ef8}</UniqueIdentifier>
    </Filter>
    <Filter Include="Source Files\DB">
      <UniqueIdentifier>{2b712695-43c9-48ca-bd59-21bed2b6530b}</UniqueIdentifier>
    </Filter>
    <Filter Include="Header Files\DB">
      <UniqueIdentifier>{194f348e-72fa-4401-a7c4-731db89ef595}</UniqueIdentifier>
    </Filter>
    <Filter Include="External Resource Files">
      <UniqueIdentifier>{67DA6AB6-F800-4c08-8B7A-83BB121AAD01}</UniqueIdentifier>
      <Extensions>rc;ico;cur;bmp;dlg;rc2;rct;bin;rgs;gif;jpg;jpeg;jpe;resx;tiff;tif;png;wav;mfcribbon-ms</Extensions>
    </Filter>
    <Filter Include="Source Files\Models">
      <UniqueIdentifier>{2d9161f4-94d7-4db6-bfad-c3f0318a8164}</UniqueIdentifier>
    </Filter>
  </ItemGroup>
  <ItemGroup>
    <ClInclude Include="Point.h">
      <Filter>Header Files</Filter>
    </ClInclude>
    <ClInclude Include="Task.h">
      <Filter>Header Files</Filter>
    </ClInclude>
    <ClInclude Include="CtrTask.h">
      <Filter>Header Files\Ctrl</Filter>
    </ClInclude>
    <ClInclude Include="dbUser.h">
      <Filter>Header Files\DB</Filter>
    </ClInclude>
    <ClInclude Include="dbTask.h">
      <Filter>Header Files\DB</Filter>
    </ClInclude>
    <ClInclude Include="..\..\TaskMgr\headers\date.h">
      <Filter>External Resource Files</Filter>
    </ClInclude>
  </ItemGroup>
  <ItemGroup>
    <ClCompile Include="CtrTask.cpp">
      <Filter>Source Files\Ctrl</Filter>
    </ClCompile>
    <ClCompile Include="dbUser.cpp">
      <Filter>Source Files\DB</Filter>
    </ClCompile>
    <ClCompile Include="dbTask.cpp">
      <Filter>Source Files\DB</Filter>
    </ClCompile>
    <ClCompile Include="Task.cpp">
      <Filter>Source Files\Models</Filter>
    </ClCompile>
    <ClCompile Include="Point.cpp">
      <Filter>Source Files\Models</Filter>
    </ClCompile>
  </ItemGroup>
</Project>