<?xml version="1.0" encoding="utf-8"?>
<Project ToolsVersion="4.0" xmlns="http://schemas.microsoft.com/developer/msbuild/2003">
  <ItemGroup>
    <Filter Include="Source Files">
      <UniqueIdentifier>{4FC737F1-C7A5-4376-A066-2A32D752A2FF}</UniqueIdentifier>
      <Extensions>cpp;c;cc;cxx;def;odl;idl;hpj;bat;asm;asmx</Extensions>
    </Filter>
    <Filter Include="Header Files">
      <UniqueIdentifier>{93995380-89BD-4b04-88EB-625FBE52EBFB}</UniqueIdentifier>
      <Extensions>h;hh;hpp;hxx;hm;inl;inc;xsd</Extensions>
    </Filter>
    <Filter Include="Resource Files">
      <UniqueIdentifier>{67DA6AB6-F800-4c08-8B7A-83BB121AAD01}</UniqueIdentifier>
      <Extensions>rc;ico;cur;bmp;dlg;rc2;rct;bin;rgs;gif;jpg;jpeg;jpe;resx;tiff;tif;png;wav;mfcribbon-ms</Extensions>
    </Filter>
    <Filter Include="Header Files\Models">
      <UniqueIdentifier>{31dca6dc-7b51-4248-b847-259f9c5f243d}</UniqueIdentifier>
    </Filter>
    <Filter Include="Header Files\Ctr">
      <UniqueIdentifier>{28975a8a-3a62-48ec-b780-8fc79bacd16d}</UniqueIdentifier>
    </Filter>
    <Filter Include="Header Files\DB">
      <UniqueIdentifier>{1152f83d-f57b-4e48-a5f8-96d94058ce37}</UniqueIdentifier>
    </Filter>
    <Filter Include="Source Files\Controllers">
      <UniqueIdentifier>{3d47988e-7158-48fd-bc65-5574cd63073a}</UniqueIdentifier>
    </Filter>
    <Filter Include="Source Files\DB classes">
      <UniqueIdentifier>{3888edf2-daf6-4f34-abd6-19e7243edaa0}</UniqueIdentifier>
    </Filter>
  </ItemGroup>
  <ItemGroup>
    <ClInclude Include="date.h">
      <Filter>Resource Files</Filter>
    </ClInclude>
    <ClInclude Include="Point.h">
      <Filter>Header Files\Models</Filter>
    </ClInclude>
    <ClInclude Include="Task.h">
      <Filter>Header Files\Models</Filter>
    </ClInclude>
    <ClInclude Include="User.h">
      <Filter>Header Files\Models</Filter>
    </ClInclude>
    <ClInclude Include="CtrTask.h">
      <Filter>Header Files\Ctr</Filter>
    </ClInclude>
    <ClInclude Include="dbTask.h">
      <Filter>Header Files\DB</Filter>
    </ClInclude>
    <ClInclude Include="dbUser.h">
      <Filter>Header Files\DB</Filter>
    </ClInclude>
  </ItemGroup>
  <ItemGroup>
    <ClCompile Include="main.cpp">
      <Filter>Source Files</Filter>
    </ClCompile>
    <ClCompile Include="Point.cpp">
      <Filter>Source Files</Filter>
    </ClCompile>
    <ClCompile Include="Task.cpp">
      <Filter>Source Files</Filter>
    </ClCompile>
    <ClCompile Include="User.cpp">
      <Filter>Source Files</Filter>
    </ClCompile>
    <ClCompile Include="CtrTask.cpp">
      <Filter>Source Files\Controllers</Filter>
    </ClCompile>
    <ClCompile Include="dbTask.cpp">
      <Filter>Source Files\DB classes</Filter>
    </ClCompile>
    <ClCompile Include="dbUser.cpp">
      <Filter>Source Files\DB classes</Filter>
    </ClCompile>
  </ItemGroup>
</Project>